
Microsoft Visual Studio Solution File, Format Version 12.00
# Visual Studio Version 17
VisualStudioVersion = 17.14.36221.1 d17.14
MinimumVisualStudioVersion = 10.0.40219.1
Project("{FAE04EC0-301F-11D3-BF4B-00C04F79EFBC}") = "OOPASSIGN03", "OOPASSIGN03\OOPASSIGN03.csproj", "{22BE8D55-167E-4020-96B8-FF4A0A0D707B}"
EndProject
Global
	GlobalSection(SolutionConfigurationPlatforms) = preSolution
		Debug|Any CPU = Debug|Any CPU
		Release|Any CPU = Release|Any CPU
	EndGlobalSection
	GlobalSection(ProjectConfigurationPlatforms) = postSolution
		{22BE8D55-167E-4020-96B8-FF4A0A0D707B}.Debug|Any CPU.ActiveCfg = Debug|Any CPU
		{22BE8D55-167E-4020-96B8-FF4A0A0D707B}.Debug|Any CPU.Build.0 = Debug|Any CPU
		{22BE8D55-167E-4020-96B8-FF4A0A0D707B}.Release|Any CPU.ActiveCfg = Release|Any CPU
		{22BE8D55-167E-4020-96B8-FF4A0A0D707B}.Release|Any CPU.Build.0 = Release|Any CPU
	EndGlobalSection
	GlobalSection(SolutionProperties) = preSolution
		HideSolutionNode = FALSE
	EndGlobalSection
	GlobalSection(ExtensibilityGlobals) = postSolution
		SolutionGuid = {984A10B1-94A7-4C52-826E-A53045B4FA3C}
	EndGlobalSection
EndGlobal
